
Microsoft Visual Studio Solution File, Format Version 12.00
# Visual Studio 15
VisualStudioVersion = 15.0.28307.645
MinimumVisualStudioVersion = 10.0.40219.1
Project("{FAE04EC0-301F-11D3-BF4B-00C04F79EFBC}") = "MyShop.Core", "MyShop.Core\MyShop.Core.csproj", "{50C52192-206D-4E6A-A483-0075B124620F}"
EndProject
Project("{FAE04EC0-301F-11D3-BF4B-00C04F79EFBC}") = "MyShop.Services", "MyShop.Services\MyShop.Services.csproj", "{3D2257B9-6245-4ED0-8E72-F40F6C1ADFD3}"
EndProject
Project("{FAE04EC0-301F-11D3-BF4B-00C04F79EFBC}") = "MyShop.DataAccess.SQL", "MyShop.DataAccess.SQL\MyShop.DataAccess.SQL.csproj", "{3AA903D6-A06B-48AE-9EDE-E4BD3AC40E92}"
EndProject
Project("{FAE04EC0-301F-11D3-BF4B-00C04F79EFBC}") = "MyShop.DataAccess.InMemory", "MyShop.DataAccess.InMemory\MyShop.DataAccess.InMemory.csproj", "{F6BEA203-F42D-4A29-8936-C9507EDF7500}"
EndProject
Project("{FAE04EC0-301F-11D3-BF4B-00C04F79EFBC}") = "MyShop.WebUI", "MyShop.WebUI\MyShop.WebUI.csproj", "{7A260A16-469F-4DAD-8083-BB05DFE8F0D2}"
EndProject
Project("{FAE04EC0-301F-11D3-BF4B-00C04F79EFBC}") = "MyShop.WebUI.Tests", "MyShop.WebUI.Tests\MyShop.WebUI.Tests.csproj", "{C8C72C54-B3F6-44D2-A006-512C23FF5B7C}"
EndProject
Global
	GlobalSection(SolutionConfigurationPlatforms) = preSolution
		Debug|Any CPU = Debug|Any CPU
		Release|Any CPU = Release|Any CPU
	EndGlobalSection
	GlobalSection(ProjectConfigurationPlatforms) = postSolution
		{50C52192-206D-4E6A-A483-0075B124620F}.Debug|Any CPU.ActiveCfg = Debug|Any CPU
		{50C52192-206D-4E6A-A483-0075B124620F}.Debug|Any CPU.Build.0 = Debug|Any CPU
		{50C52192-206D-4E6A-A483-0075B124620F}.Release|Any CPU.ActiveCfg = Release|Any CPU
		{50C52192-206D-4E6A-A483-0075B124620F}.Release|Any CPU.Build.0 = Release|Any CPU
		{3D2257B9-6245-4ED0-8E72-F40F6C1ADFD3}.Debug|Any CPU.ActiveCfg = Debug|Any CPU
		{3D2257B9-6245-4ED0-8E72-F40F6C1ADFD3}.Debug|Any CPU.Build.0 = Debug|Any CPU
		{3D2257B9-6245-4ED0-8E72-F40F6C1ADFD3}.Release|Any CPU.ActiveCfg = Release|Any CPU
		{3D2257B9-6245-4ED0-8E72-F40F6C1ADFD3}.Release|Any CPU.Build.0 = Release|Any CPU
		{3AA903D6-A06B-48AE-9EDE-E4BD3AC40E92}.Debug|Any CPU.ActiveCfg = Debug|Any CPU
		{3AA903D6-A06B-48AE-9EDE-E4BD3AC40E92}.Debug|Any CPU.Build.0 = Debug|Any CPU
		{3AA903D6-A06B-48AE-9EDE-E4BD3AC40E92}.Release|Any CPU.ActiveCfg = Release|Any CPU
		{3AA903D6-A06B-48AE-9EDE-E4BD3AC40E92}.Release|Any CPU.Build.0 = Release|Any CPU
		{F6BEA203-F42D-4A29-8936-C9507EDF7500}.Debug|Any CPU.ActiveCfg = Debug|Any CPU
		{F6BEA203-F42D-4A29-8936-C9507EDF7500}.Debug|Any CPU.Build.0 = Debug|Any CPU
		{F6BEA203-F42D-4A29-8936-C9507EDF7500}.Release|Any CPU.ActiveCfg = Release|Any CPU
		{F6BEA203-F42D-4A29-8936-C9507EDF7500}.Release|Any CPU.Build.0 = Release|Any CPU
		{7A260A16-469F-4DAD-8083-BB05DFE8F0D2}.Debug|Any CPU.ActiveCfg = Debug|Any CPU
		{7A260A16-469F-4DAD-8083-BB05DFE8F0D2}.Debug|Any CPU.Build.0 = Debug|Any CPU
		{7A260A16-469F-4DAD-8083-BB05DFE8F0D2}.Release|Any CPU.ActiveCfg = Release|Any CPU
		{7A260A16-469F-4DAD-8083-BB05DFE8F0D2}.Release|Any CPU.Build.0 = Release|Any CPU
		{C8C72C54-B3F6-44D2-A006-512C23FF5B7C}.Debug|Any CPU.ActiveCfg = Debug|Any CPU
		{C8C72C54-B3F6-44D2-A006-512C23FF5B7C}.Debug|Any CPU.Build.0 = Debug|Any CPU
		{C8C72C54-B3F6-44D2-A006-512C23FF5B7C}.Release|Any CPU.ActiveCfg = Release|Any CPU
		{C8C72C54-B3F6-44D2-A006-512C23FF5B7C}.Release|Any CPU.Build.0 = Release|Any CPU
	EndGlobalSection
	GlobalSection(SolutionProperties) = preSolution
		HideSolutionNode = FALSE
	EndGlobalSection
	GlobalSection(ExtensibilityGlobals) = postSolution
		SolutionGuid = {8D26B35C-A770-422B-99C1-00A843C077C1}
	EndGlobalSection
EndGlobal
